// !$*UTF8*$!
{
	archiveVersion = 1;
	classes = {
	};
	objectVersion = 50;
	objects = {

/* Begin PBXBuildFile section */
		042B899123FBB1F2006965F4 /* AppDelegate.m in Sources */ = {isa = PBXBuildFile; fileRef = 042B899023FBB1F2006965F4 /* AppDelegate.m */; };
		042B899723FBB1F2006965F4 /* ViewController.m in Sources */ = {isa = PBXBuildFile; fileRef = 042B899623FBB1F2006965F4 /* ViewController.m */; };
		042B899A23FBB1F2006965F4 /* Main.storyboard in Resources */ = {isa = PBXBuildFile; fileRef = 042B899823FBB1F2006965F4 /* Main.storyboard */; };
		042B899C23FBB1F6006965F4 /* Assets.xcassets in Resources */ = {isa = PBXBuildFile; fileRef = 042B899B23FBB1F6006965F4 /* Assets.xcassets */; };
		042B899F23FBB1F6006965F4 /* LaunchScreen.storyboard in Resources */ = {isa = PBXBuildFile; fileRef = 042B899D23FBB1F6006965F4 /* LaunchScreen.storyboard */; };
		042B89A223FBB1F6006965F4 /* main.m in Sources */ = {isa = PBXBuildFile; fileRef = 042B89A123FBB1F6006965F4 /* main.m */; };
		042B89AB23FBB367006965F4 /* CaptureManager.m in Sources */ = {isa = PBXBuildFile; fileRef = 042B89AA23FBB367006965F4 /* CaptureManager.m */; };
		042B89AE23FBB3DD006965F4 /* SystemCapture.m in Sources */ = {isa = PBXBuildFile; fileRef = 042B89AD23FBB3DD006965F4 /* SystemCapture.m */; };
		042B89B523FBBE78006965F4 /* AVConfig.m in Sources */ = {isa = PBXBuildFile; fileRef = 042B89B423FBBE78006965F4 /* AVConfig.m */; };
		042B89B823FBBF2B006965F4 /* VideoEncoder.m in Sources */ = {isa = PBXBuildFile; fileRef = 042B89B723FBBF2B006965F4 /* VideoEncoder.m */; };
		042B89BB23FBD682006965F4 /* VideoDecoder.m in Sources */ = {isa = PBXBuildFile; fileRef = 042B89BA23FBD682006965F4 /* VideoDecoder.m */; };
		042B89C023FD4831006965F4 /* AudioEncoder.m in Sources */ = {isa = PBXBuildFile; fileRef = 042B89BF23FD4831006965F4 /* AudioEncoder.m */; };
		042B89C323FD4944006965F4 /* AudioDecoder.m in Sources */ = {isa = PBXBuildFile; fileRef = 042B89C223FD4943006965F4 /* AudioDecoder.m */; };
		042B89C623FD4A22006965F4 /* AudioDataQueue.m in Sources */ = {isa = PBXBuildFile; fileRef = 042B89C523FD4A22006965F4 /* AudioDataQueue.m */; };
		042B89CB23FD4AD9006965F4 /* AAPLEAGLLayer.m in Sources */ = {isa = PBXBuildFile; fileRef = 042B89CA23FD4AD9006965F4 /* AAPLEAGLLayer.m */; };
		042B89CE23FD4BA5006965F4 /* AudioPCMPlayer.m in Sources */ = {isa = PBXBuildFile; fileRef = 042B89CD23FD4BA5006965F4 /* AudioPCMPlayer.m */; };
/* End PBXBuildFile section */

/* Begin PBXFileReference section */
		042B898C23FBB1F2006965F4 /* AudioAndVideoTools.app */ = {isa = PBXFileReference; explicitFileType = wrapper.application; includeInIndex = 0; path = AudioAndVideoTools.app; sourceTree = BUILT_PRODUCTS_DIR; };
		042B898F23FBB1F2006965F4 /* AppDelegate.h */ = {isa = PBXFileReference; lastKnownFileType = sourcecode.c.h; path = AppDelegate.h; sourceTree = "<group>"; };
		042B899023FBB1F2006965F4 /* AppDelegate.m */ = {isa = PBXFileReference; lastKnownFileType = sourcecode.c.objc; path = AppDelegate.m; sourceTree = "<group>"; };
		042B899523FBB1F2006965F4 /* ViewController.h */ = {isa = PBXFileReference; lastKnownFileType = sourcecode.c.h; path = ViewController.h; sourceTree = "<group>"; };
		042B899623FBB1F2006965F4 /* ViewController.m */ = {isa = PBXFileReference; lastKnownFileType = sourcecode.c.objc; path = ViewController.m; sourceTree = "<group>"; };
		042B899923FBB1F2006965F4 /* Base */ = {isa = PBXFileReference; lastKnownFileType = file.storyboard; name = Base; path = Base.lproj/Main.storyboard; sourceTree = "<group>"; };
		042B899B23FBB1F6006965F4 /* Assets.xcassets */ = {isa = PBXFileReference; lastKnownFileType = folder.assetcatalog; path = Assets.xcassets; sourceTree = "<group>"; };
		042B899E23FBB1F6006965F4 /* Base */ = {isa = PBXFileReference; lastKnownFileType = file.storyboard; name = Base; path = Base.lproj/LaunchScreen.storyboard; sourceTree = "<group>"; };
		042B89A023FBB1F6006965F4 /* Info.plist */ = {isa = PBXFileReference; lastKnownFileType = text.plist.xml; path = Info.plist; sourceTree = "<group>"; };
		042B89A123FBB1F6006965F4 /* main.m */ = {isa = PBXFileReference; lastKnownFileType = sourcecode.c.objc; path = main.m; sourceTree = "<group>"; };
		042B89A923FBB367006965F4 /* CaptureManager.h */ = {isa = PBXFileReference; lastKnownFileType = sourcecode.c.h; path = CaptureManager.h; sourceTree = "<group>"; };
		042B89AA23FBB367006965F4 /* CaptureManager.m */ = {isa = PBXFileReference; lastKnownFileType = sourcecode.c.objc; path = CaptureManager.m; sourceTree = "<group>"; };
		042B89AC23FBB3DD006965F4 /* SystemCapture.h */ = {isa = PBXFileReference; lastKnownFileType = sourcecode.c.h; path = SystemCapture.h; sourceTree = "<group>"; };
		042B89AD23FBB3DD006965F4 /* SystemCapture.m */ = {isa = PBXFileReference; lastKnownFileType = sourcecode.c.objc; path = SystemCapture.m; sourceTree = "<group>"; };
		042B89B323FBBE78006965F4 /* AVConfig.h */ = {isa = PBXFileReference; lastKnownFileType = sourcecode.c.h; path = AVConfig.h; sourceTree = "<group>"; };
		042B89B423FBBE78006965F4 /* AVConfig.m */ = {isa = PBXFileReference; lastKnownFileType = sourcecode.c.objc; path = AVConfig.m; sourceTree = "<group>"; };
		042B89B623FBBF2B006965F4 /* VideoEncoder.h */ = {isa = PBXFileReference; lastKnownFileType = sourcecode.c.h; path = VideoEncoder.h; sourceTree = "<group>"; };
		042B89B723FBBF2B006965F4 /* VideoEncoder.m */ = {isa = PBXFileReference; lastKnownFileType = sourcecode.c.objc; path = VideoEncoder.m; sourceTree = "<group>"; };
		042B89B923FBD682006965F4 /* VideoDecoder.h */ = {isa = PBXFileReference; lastKnownFileType = sourcecode.c.h; path = VideoDecoder.h; sourceTree = "<group>"; };
		042B89BA23FBD682006965F4 /* VideoDecoder.m */ = {isa = PBXFileReference; lastKnownFileType = sourcecode.c.objc; path = VideoDecoder.m; sourceTree = "<group>"; };
		042B89BE23FD4831006965F4 /* AudioEncoder.h */ = {isa = PBXFileReference; lastKnownFileType = sourcecode.c.h; path = AudioEncoder.h; sourceTree = "<group>"; };
		042B89BF23FD4831006965F4 /* AudioEncoder.m */ = {isa = PBXFileReference; lastKnownFileType = sourcecode.c.objc; path = AudioEncoder.m; sourceTree = "<group>"; };
		042B89C123FD4943006965F4 /* AudioDecoder.h */ = {isa = PBXFileReference; lastKnownFileType = sourcecode.c.h; path = AudioDecoder.h; sourceTree = "<group>"; };
		042B89C223FD4943006965F4 /* AudioDecoder.m */ = {isa = PBXFileReference; lastKnownFileType = sourcecode.c.objc; path = AudioDecoder.m; sourceTree = "<group>"; };
		042B89C423FD4A22006965F4 /* AudioDataQueue.h */ = {isa = PBXFileReference; lastKnownFileType = sourcecode.c.h; path = AudioDataQueue.h; sourceTree = "<group>"; };
		042B89C523FD4A22006965F4 /* AudioDataQueue.m */ = {isa = PBXFileReference; lastKnownFileType = sourcecode.c.objc; path = AudioDataQueue.m; sourceTree = "<group>"; };
		042B89C923FD4AD9006965F4 /* AAPLEAGLLayer.h */ = {isa = PBXFileReference; lastKnownFileType = sourcecode.c.h; path = AAPLEAGLLayer.h; sourceTree = "<group>"; };
		042B89CA23FD4AD9006965F4 /* AAPLEAGLLayer.m */ = {isa = PBXFileReference; lastKnownFileType = sourcecode.c.objc; path = AAPLEAGLLayer.m; sourceTree = "<group>"; };
		042B89CC23FD4BA5006965F4 /* AudioPCMPlayer.h */ = {isa = PBXFileReference; lastKnownFileType = sourcecode.c.h; path = AudioPCMPlayer.h; sourceTree = "<group>"; };
		042B89CD23FD4BA5006965F4 /* AudioPCMPlayer.m */ = {isa = PBXFileReference; lastKnownFileType = sourcecode.c.objc; path = AudioPCMPlayer.m; sourceTree = "<group>"; };
/* End PBXFileReference section */

/* Begin PBXFrameworksBuildPhase section */
		042B898923FBB1F2006965F4 /* Frameworks */ = {
			isa = PBXFrameworksBuildPhase;
			buildActionMask = 2147483647;
			files = (
			);
			runOnlyForDeploymentPostprocessing = 0;
		};
/* End PBXFrameworksBuildPhase section */

/* Begin PBXGroup section */
		042B898323FBB1F2006965F4 = {
			isa = PBXGroup;
			children = (
				042B898E23FBB1F2006965F4 /* AudioAndVideoTools */,
				042B898D23FBB1F2006965F4 /* Products */,
			);
			sourceTree = "<group>";
		};
		042B898D23FBB1F2006965F4 /* Products */ = {
			isa = PBXGroup;
			children = (
				042B898C23FBB1F2006965F4 /* AudioAndVideoTools.app */,
			);
			name = Products;
			sourceTree = "<group>";
		};
		042B898E23FBB1F2006965F4 /* AudioAndVideoTools */ = {
			isa = PBXGroup;
			children = (
				042B89C723FD4A99006965F4 /* AVPlayer */,
				042B89AF23FBBDA1006965F4 /* AVCoder */,
				042B89A823FBB340006965F4 /* Capture */,
				042B898F23FBB1F2006965F4 /* AppDelegate.h */,
				042B899023FBB1F2006965F4 /* AppDelegate.m */,
				042B899523FBB1F2006965F4 /* ViewController.h */,
				042B899623FBB1F2006965F4 /* ViewController.m */,
				042B899823FBB1F2006965F4 /* Main.storyboard */,
				042B899B23FBB1F6006965F4 /* Assets.xcassets */,
				042B899D23FBB1F6006965F4 /* LaunchScreen.storyboard */,
				042B89A023FBB1F6006965F4 /* Info.plist */,
				042B89A123FBB1F6006965F4 /* main.m */,
			);
			path = AudioAndVideoTools;
			sourceTree = "<group>";
		};
		042B89A823FBB340006965F4 /* Capture */ = {
			isa = PBXGroup;
			children = (
				042B89A923FBB367006965F4 /* CaptureManager.h */,
				042B89AA23FBB367006965F4 /* CaptureManager.m */,
				042B89AC23FBB3DD006965F4 /* SystemCapture.h */,
				042B89AD23FBB3DD006965F4 /* SystemCapture.m */,
			);
			path = Capture;
			sourceTree = "<group>";
		};
		042B89AF23FBBDA1006965F4 /* AVCoder */ = {
			isa = PBXGroup;
			children = (
				042B89BD23FD47FD006965F4 /* AudioEncoder */,
				042B89BC23FD47E4006965F4 /* VideoEncoder */,
				042B89B323FBBE78006965F4 /* AVConfig.h */,
				042B89B423FBBE78006965F4 /* AVConfig.m */,
			);
			path = AVCoder;
			sourceTree = "<group>";
		};
		042B89BC23FD47E4006965F4 /* VideoEncoder */ = {
			isa = PBXGroup;
			children = (
				042B89B623FBBF2B006965F4 /* VideoEncoder.h */,
				042B89B723FBBF2B006965F4 /* VideoEncoder.m */,
				042B89B923FBD682006965F4 /* VideoDecoder.h */,
				042B89BA23FBD682006965F4 /* VideoDecoder.m */,
			);
			path = VideoEncoder;
			sourceTree = "<group>";
		};
		042B89BD23FD47FD006965F4 /* AudioEncoder */ = {
			isa = PBXGroup;
			children = (
				042B89BE23FD4831006965F4 /* AudioEncoder.h */,
				042B89BF23FD4831006965F4 /* AudioEncoder.m */,
				042B89C123FD4943006965F4 /* AudioDecoder.h */,
				042B89C223FD4943006965F4 /* AudioDecoder.m */,
				042B89C423FD4A22006965F4 /* AudioDataQueue.h */,
				042B89C523FD4A22006965F4 /* AudioDataQueue.m */,
			);
			path = AudioEncoder;
			sourceTree = "<group>";
		};
		042B89C723FD4A99006965F4 /* AVPlayer */ = {
			isa = PBXGroup;
			children = (
				042B89CF23FD4BBE006965F4 /* AudioPlayer */,
				042B89C823FD4AA8006965F4 /* VideoPlayer */,
			);
			path = AVPlayer;
			sourceTree = "<group>";
		};
		042B89C823FD4AA8006965F4 /* VideoPlayer */ = {
			isa = PBXGroup;
			children = (
				042B89C923FD4AD9006965F4 /* AAPLEAGLLayer.h */,
				042B89CA23FD4AD9006965F4 /* AAPLEAGLLayer.m */,
			);
			path = VideoPlayer;
			sourceTree = "<group>";
		};
		042B89CF23FD4BBE006965F4 /* AudioPlayer */ = {
			isa = PBXGroup;
			children = (
				042B89CC23FD4BA5006965F4 /* AudioPCMPlayer.h */,
				042B89CD23FD4BA5006965F4 /* AudioPCMPlayer.m */,
			);
			path = AudioPlayer;
			sourceTree = "<group>";
		};
/* End PBXGroup section */

/* Begin PBXNativeTarget section */
		042B898B23FBB1F2006965F4 /* AudioAndVideoTools */ = {
			isa = PBXNativeTarget;
			buildConfigurationList = 042B89A523FBB1F6006965F4 /* Build configuration list for PBXNativeTarget "AudioAndVideoTools" */;
			buildPhases = (
				042B898823FBB1F2006965F4 /* Sources */,
				042B898923FBB1F2006965F4 /* Frameworks */,
				042B898A23FBB1F2006965F4 /* Resources */,
			);
			buildRules = (
			);
			dependencies = (
			);
			name = AudioAndVideoTools;
			productName = AudioAndVideoTools;
			productReference = 042B898C23FBB1F2006965F4 /* AudioAndVideoTools.app */;
			productType = "com.apple.product-type.application";
		};
/* End PBXNativeTarget section */

/* Begin PBXProject section */
		042B898423FBB1F2006965F4 /* Project object */ = {
			isa = PBXProject;
			attributes = {
				LastUpgradeCheck = 1130;
				ORGANIZATIONNAME = mac;
				TargetAttributes = {
					042B898B23FBB1F2006965F4 = {
						CreatedOnToolsVersion = 11.3.1;
					};
				};
			};
			buildConfigurationList = 042B898723FBB1F2006965F4 /* Build configuration list for PBXProject "AudioAndVideoTools" */;
			compatibilityVersion = "Xcode 9.3";
			developmentRegion = en;
			hasScannedForEncodings = 0;
			knownRegions = (
				en,
				Base,
			);
			mainGroup = 042B898323FBB1F2006965F4;
			productRefGroup = 042B898D23FBB1F2006965F4 /* Products */;
			projectDirPath = "";
			projectRoot = "";
			targets = (
				042B898B23FBB1F2006965F4 /* AudioAndVideoTools */,
			);
		};
/* End PBXProject section */

/* Begin PBXResourcesBuildPhase section */
		042B898A23FBB1F2006965F4 /* Resources */ = {
			isa = PBXResourcesBuildPhase;
			buildActionMask = 2147483647;
			files = (
				042B899F23FBB1F6006965F4 /* LaunchScreen.storyboard in Resources */,
				042B899C23FBB1F6006965F4 /* Assets.xcassets in Resources */,
				042B899A23FBB1F2006965F4 /* Main.storyboard in Resources */,
			);
			runOnlyForDeploymentPostprocessing = 0;
		};
/* End PBXResourcesBuildPhase section */

/* Begin PBXSourcesBuildPhase section */
		042B898823FBB1F2006965F4 /* Sources */ = {
			isa = PBXSourcesBuildPhase;
			buildActionMask = 2147483647;
			files = (
				042B89B523FBBE78006965F4 /* AVConfig.m in Sources */,
				042B899723FBB1F2006965F4 /* ViewController.m in Sources */,
				042B899123FBB1F2006965F4 /* AppDelegate.m in Sources */,
				042B89C323FD4944006965F4 /* AudioDecoder.m in Sources */,
				042B89AB23FBB367006965F4 /* CaptureManager.m in Sources */,
				042B89A223FBB1F6006965F4 /* main.m in Sources */,
				042B89CB23FD4AD9006965F4 /* AAPLEAGLLayer.m in Sources */,
				042B89B823FBBF2B006965F4 /* VideoEncoder.m in Sources */,
				042B89C023FD4831006965F4 /* AudioEncoder.m in Sources */,
				042B89BB23FBD682006965F4 /* VideoDecoder.m in Sources */,
				042B89CE23FD4BA5006965F4 /* AudioPCMPlayer.m in Sources */,
				042B89C623FD4A22006965F4 /* AudioDataQueue.m in Sources */,
				042B89AE23FBB3DD006965F4 /* SystemCapture.m in Sources */,
			);
			runOnlyForDeploymentPostprocessing = 0;
		};
/* End PBXSourcesBuildPhase section */

/* Begin PBXVariantGroup section */
		042B899823FBB1F2006965F4 /* Main.storyboard */ = {
			isa = PBXVariantGroup;
			children = (
				042B899923FBB1F2006965F4 /* Base */,
			);
			name = Main.storyboard;
			sourceTree = "<group>";
		};
		042B899D23FBB1F6006965F4 /* LaunchScreen.storyboard */ = {
			isa = PBXVariantGroup;
			children = (
				042B899E23FBB1F6006965F4 /* Base */,
			);
			name = LaunchScreen.storyboard;
			sourceTree = "<group>";
		};
/* End PBXVariantGroup section */

/* Begin XCBuildConfiguration section */
		042B89A323FBB1F6006965F4 /* Debug */ = {
			isa = XCBuildConfiguration;
			buildSettings = {
				ALWAYS_SEARCH_USER_PATHS = NO;
				CLANG_ANALYZER_NONNULL = YES;
				CLANG_ANALYZER_NUMBER_OBJECT_CONVERSION = YES_AGGRESSIVE;
				CLANG_CXX_LANGUAGE_STANDARD = "gnu++14";
				CLANG_CXX_LIBRARY = "libc++";
				CLANG_ENABLE_MODULES = YES;
				CLANG_ENABLE_OBJC_ARC = YES;
				CLANG_ENABLE_OBJC_WEAK = YES;
				CLANG_WARN_BLOCK_CAPTURE_AUTORELEASING = YES;
				CLANG_WARN_BOOL_CONVERSION = YES;
				CLANG_WARN_COMMA = YES;
				CLANG_WARN_CONSTANT_CONVERSION = YES;
				CLANG_WARN_DEPRECATED_OBJC_IMPLEMENTATIONS = YES;
				CLANG_WARN_DIRECT_OBJC_ISA_USAGE = YES_ERROR;
				CLANG_WARN_DOCUMENTATION_COMMENTS = YES;
				CLANG_WARN_EMPTY_BODY = YES;
				CLANG_WARN_ENUM_CONVERSION = YES;
				CLANG_WARN_INFINITE_RECURSION = YES;
				CLANG_WARN_INT_CONVERSION = YES;
				CLANG_WARN_NON_LITERAL_NULL_CONVERSION = YES;
				CLANG_WARN_OBJC_IMPLICIT_RETAIN_SELF = YES;
				CLANG_WARN_OBJC_LITERAL_CONVERSION = YES;
				CLANG_WARN_OBJC_ROOT_CLASS = YES_ERROR;
				CLANG_WARN_RANGE_LOOP_ANALYSIS = YES;
				CLANG_WARN_STRICT_PROTOTYPES = YES;
				CLANG_WARN_SUSPICIOUS_MOVE = YES;
				CLANG_WARN_UNGUARDED_AVAILABILITY = YES_AGGRESSIVE;
				CLANG_WARN_UNREACHABLE_CODE = YES;
				CLANG_WARN__DUPLICATE_METHOD_MATCH = YES;
				COPY_PHASE_STRIP = NO;
				DEBUG_INFORMATION_FORMAT = dwarf;
				ENABLE_STRICT_OBJC_MSGSEND = YES;
				ENABLE_TESTABILITY = YES;
				GCC_C_LANGUAGE_STANDARD = gnu11;
				GCC_DYNAMIC_NO_PIC = NO;
				GCC_NO_COMMON_BLOCKS = YES;
				GCC_OPTIMIZATION_LEVEL = 0;
				GCC_PREPROCESSOR_DEFINITIONS = (
					"DEBUG=1",
					"$(inherited)",
				);
				GCC_WARN_64_TO_32_BIT_CONVERSION = YES;
				GCC_WARN_ABOUT_RETURN_TYPE = YES_ERROR;
				GCC_WARN_UNDECLARED_SELECTOR = YES;
				GCC_WARN_UNINITIALIZED_AUTOS = YES_AGGRESSIVE;
				GCC_WARN_UNUSED_FUNCTION = YES;
				GCC_WARN_UNUSED_VARIABLE = YES;
				IPHONEOS_DEPLOYMENT_TARGET = 13.2;
				MTL_ENABLE_DEBUG_INFO = INCLUDE_SOURCE;
				MTL_FAST_MATH = YES;
				ONLY_ACTIVE_ARCH = YES;
				SDKROOT = iphoneos;
			};
			name = Debug;
		};
		042B89A423FBB1F6006965F4 /* Release */ = {
			isa = XCBuildConfiguration;
			buildSettings = {
				ALWAYS_SEARCH_USER_PATHS = NO;
				CLANG_ANALYZER_NONNULL = YES;
				CLANG_ANALYZER_NUMBER_OBJECT_CONVERSION = YES_AGGRESSIVE;
				CLANG_CXX_LANGUAGE_STANDARD = "gnu++14";
				CLANG_CXX_LIBRARY = "libc++";
				CLANG_ENABLE_MODULES = YES;
				CLANG_ENABLE_OBJC_ARC = YES;
				CLANG_ENABLE_OBJC_WEAK = YES;
				CLANG_WARN_BLOCK_CAPTURE_AUTORELEASING = YES;
				CLANG_WARN_BOOL_CONVERSION = YES;
				CLANG_WARN_COMMA = YES;
				CLANG_WARN_CONSTANT_CONVERSION = YES;
				CLANG_WARN_DEPRECATED_OBJC_IMPLEMENTATIONS = YES;
				CLANG_WARN_DIRECT_OBJC_ISA_USAGE = YES_ERROR;
				CLANG_WARN_DOCUMENTATION_COMMENTS = YES;
				CLANG_WARN_EMPTY_BODY = YES;
				CLANG_WARN_ENUM_CONVERSION = YES;
				CLANG_WARN_INFINITE_RECURSION = YES;
				CLANG_WARN_INT_CONVERSION = YES;
				CLANG_WARN_NON_LITERAL_NULL_CONVERSION = YES;
				CLANG_WARN_OBJC_IMPLICIT_RETAIN_SELF = YES;
				CLANG_WARN_OBJC_LITERAL_CONVERSION = YES;
				CLANG_WARN_OBJC_ROOT_CLASS = YES_ERROR;
				CLANG_WARN_RANGE_LOOP_ANALYSIS = YES;
				CLANG_WARN_STRICT_PROTOTYPES = YES;
				CLANG_WARN_SUSPICIOUS_MOVE = YES;
				CLANG_WARN_UNGUARDED_AVAILABILITY = YES_AGGRESSIVE;
				CLANG_WARN_UNREACHABLE_CODE = YES;
				CLANG_WARN__DUPLICATE_METHOD_MATCH = YES;
				COPY_PHASE_STRIP = NO;
				DEBUG_INFORMATION_FORMAT = "dwarf-with-dsym";
				ENABLE_NS_ASSERTIONS = NO;
				ENABLE_STRICT_OBJC_MSGSEND = YES;
				GCC_C_LANGUAGE_STANDARD = gnu11;
				GCC_NO_COMMON_BLOCKS = YES;
				GCC_WARN_64_TO_32_BIT_CONVERSION = YES;
				GCC_WARN_ABOUT_RETURN_TYPE = YES_ERROR;
				GCC_WARN_UNDECLARED_SELECTOR = YES;
				GCC_WARN_UNINITIALIZED_AUTOS = YES_AGGRESSIVE;
				GCC_WARN_UNUSED_FUNCTION = YES;
				GCC_WARN_UNUSED_VARIABLE = YES;
				IPHONEOS_DEPLOYMENT_TARGET = 13.2;
				MTL_ENABLE_DEBUG_INFO = NO;
				MTL_FAST_MATH = YES;
				SDKROOT = iphoneos;
				VALIDATE_PRODUCT = YES;
			};
			name = Release;
		};
		042B89A623FBB1F6006965F4 /* Debug */ = {
			isa = XCBuildConfiguration;
			buildSettings = {
				ASSETCATALOG_COMPILER_APPICON_NAME = AppIcon;
				CODE_SIGN_STYLE = Automatic;
				DEVELOPMENT_TEAM = EGHNPZVBD8;
				INFOPLIST_FILE = AudioAndVideoTools/Info.plist;
				LD_RUNPATH_SEARCH_PATHS = (
					"$(inherited)",
					"@executable_path/Frameworks",
				);
				PRODUCT_BUNDLE_IDENTIFIER = hey.AudioAndVideoTools;
				PRODUCT_NAME = "$(TARGET_NAME)";
				TARGETED_DEVICE_FAMILY = 1;
			};
			name = Debug;
		};
		042B89A723FBB1F6006965F4 /* Release */ = {
			isa = XCBuildConfiguration;
			buildSettings = {
				ASSETCATALOG_COMPILER_APPICON_NAME = AppIcon;
				CODE_SIGN_STYLE = Automatic;
				DEVELOPMENT_TEAM = EGHNPZVBD8;
				INFOPLIST_FILE = AudioAndVideoTools/Info.plist;
				LD_RUNPATH_SEARCH_PATHS = (
					"$(inherited)",
					"@executable_path/Frameworks",
				);
				PRODUCT_BUNDLE_IDENTIFIER = hey.AudioAndVideoTools;
				PRODUCT_NAME = "$(TARGET_NAME)";
				TARGETED_DEVICE_FAMILY = 1;
			};
			name = Release;
		};
/* End XCBuildConfiguration section */

/* Begin XCConfigurationList section */
		042B898723FBB1F2006965F4 /* Build configuration list for PBXProject "AudioAndVideoTools" */ = {
			isa = XCConfigurationList;
			buildConfigurations = (
				042B89A323FBB1F6006965F4 /* Debug */,
				042B89A423FBB1F6006965F4 /* Release */,
			);
			defaultConfigurationIsVisible = 0;
			defaultConfigurationName = Release;
		};
		042B89A523FBB1F6006965F4 /* Build configuration list for PBXNativeTarget "AudioAndVideoTools" */ = {
			isa = XCConfigurationList;
			buildConfigurations = (
				042B89A623FBB1F6006965F4 /* Debug */,
				042B89A723FBB1F6006965F4 /* Release */,
			);
			defaultConfigurationIsVisible = 0;
			defaultConfigurationName = Release;
		};
/* End XCConfigurationList section */
	};
	rootObject = 042B898423FBB1F2006965F4 /* Project object */;
}
